PODS:
  - LUAutocompleteView (4.0.0)

DEPENDENCIES:
  - LUAutocompleteView (from `../`)

EXTERNAL SOURCES:
  LUAutocompleteView:
    :path: "../"

SPEC CHECKSUMS:
  LUAutocompleteView: abd0fe51052eea05cd77d37328a105b765f9ce4d

PODFILE CHECKSUM: 879d74dffc2f7a7124018290c256a6e748f85285

COCOAPODS: 1.6.1
