PODS:
  - LUAutocompleteView (3.0.0)

DEPENDENCIES:
  - LUAutocompleteView (from `../`)

EXTERNAL SOURCES:
  LUAutocompleteView:
    :path: "../"

SPEC CHECKSUMS:
  LUAutocompleteView: 41f4b6d8871b66d71070ee00d33070f9b3d293c5

PODFILE CHECKSUM: 615d5e63ec2d4ba41d29fd08cd97d2dbf6545122

COCOAPODS: 1.6.1
